# generated by rye
# use `rye lock` or `rye sync` to update this lockfile
#
# last locked with the following flags:
#   pre: false
#   features: []
#   all-features: false
#   with-sources: false
#   generate-hashes: false
#   universal: false

-e file:.
appdirs==1.4.4
    # via online-judge-api-client
astroid==3.3.5
    # via pylint
attrs==24.2.0
    # via jsonschema
    # via referencing
beautifulsoup4==4.12.3
    # via online-judge-api-client
certifi==2024.8.30
    # via requests
charset-normalizer==3.4.0
    # via requests
colorama==0.4.6
    # via online-judge-tools
colorlog==6.8.2
    # via online-judge-api-client
dill==0.3.9
    # via pylint
idna==3.10
    # via requests
importlib-metadata==8.5.0
    # via yapf
iniconfig==2.0.0
    # via pytest
isort==5.13.2
    # via pylint
jsonschema==4.23.0
    # via online-judge-api-client
jsonschema-specifications==2024.10.1
    # via jsonschema
lxml==5.3.0
    # via online-judge-api-client
mccabe==0.7.0
    # via pylint
mypy==1.12.0
mypy-extensions==1.0.0
    # via mypy
online-judge-api-client==10.10.1
    # via online-judge-tools
packaging==24.1
    # via online-judge-tools
    # via pytest
platformdirs==4.3.6
    # via pylint
    # via yapf
pluggy==1.5.0
    # via pytest
pylint==3.3.1
pytest==8.3.3
referencing==0.35.1
    # via jsonschema
    # via jsonschema-specifications
requests==2.32.3
    # via online-judge-api-client
    # via online-judge-tools
rpds-py==0.20.0
    # via jsonschema
    # via referencing
soupsieve==2.6
    # via beautifulsoup4
toml==0.10.2
    # via online-judge-api-client
tomli==2.0.2
    # via yapf
tomlkit==0.13.2
    # via pylint
typing-extensions==4.12.2
    # via mypy
urllib3==2.2.3
    # via requests
yapf==0.40.2
zipp==3.20.2
    # via importlib-metadata
